
Microsoft Visual Studio Solution File, Format Version 12.00
# Visual Studio 15
Project("{FAE04EC0-301F-11D3-BF4B-00C04F79EFBC}") = "Unity.XR.Interaction.Toolkit.Samples.StarterAssets", "Unity.XR.Interaction.Toolkit.Samples.StarterAssets.csproj", "{B36B0E22-1989-E27F-0875-64646F7571A5}"
EndProject
Project("{FAE04EC0-301F-11D3-BF4B-00C04F79EFBC}") = "Assembly-CSharp", "Assembly-CSharp.csproj", "{C9E2273E-225F-C8F9-F2F2-30694A07392A}"
EndProject
Project("{FAE04EC0-301F-11D3-BF4B-00C04F79EFBC}") = "Assembly-CSharp-firstpass", "Assembly-CSharp-firstpass.csproj", "{182B46D3-3B7C-84BD-4D90-29680F53BD9D}"
EndProject
Project("{FAE04EC0-301F-11D3-BF4B-00C04F79EFBC}") = "Unity.XR.Interaction.Toolkit.Samples.DeviceSimulator", "Unity.XR.Interaction.Toolkit.Samples.DeviceSimulator.csproj", "{FA711A74-ED88-9823-C951-938F006FB3D7}"
EndProject
Project("{FAE04EC0-301F-11D3-BF4B-00C04F79EFBC}") = "Assembly-CSharp-Editor", "Assembly-CSharp-Editor.csproj", "{C21AFF77-FB09-B5BC-7033-F889857D6527}"
EndProject
Project("{FAE04EC0-301F-11D3-BF4B-00C04F79EFBC}") = "Unity.XR.Interaction.Toolkit.Samples.StarterAssets.Editor", "Unity.XR.Interaction.Toolkit.Samples.StarterAssets.Editor.csproj", "{C1AF23D9-14D1-A94B-A7D5-581909DB7E3F}"
EndProject
Global
	GlobalSection(SolutionConfigurationPlatforms) = preSolution
		Debug|Any CPU = Debug|Any CPU
		Release|Any CPU = Release|Any CPU
	EndGlobalSection
	GlobalSection(ProjectConfigurationPlatforms) = postSolution
		{B36B0E22-1989-E27F-0875-64646F7571A5}.Debug|Any CPU.ActiveCfg = Debug|Any CPU
		{B36B0E22-1989-E27F-0875-64646F7571A5}.Debug|Any CPU.Build.0 = Debug|Any CPU
		{B36B0E22-1989-E27F-0875-64646F7571A5}.Release|Any CPU.ActiveCfg = Release|Any CPU
		{B36B0E22-1989-E27F-0875-64646F7571A5}.Release|Any CPU.Build.0 = Release|Any CPU
		{C9E2273E-225F-C8F9-F2F2-30694A07392A}.Debug|Any CPU.ActiveCfg = Debug|Any CPU
		{C9E2273E-225F-C8F9-F2F2-30694A07392A}.Debug|Any CPU.Build.0 = Debug|Any CPU
		{C9E2273E-225F-C8F9-F2F2-30694A07392A}.Release|Any CPU.ActiveCfg = Release|Any CPU
		{C9E2273E-225F-C8F9-F2F2-30694A07392A}.Release|Any CPU.Build.0 = Release|Any CPU
		{182B46D3-3B7C-84BD-4D90-29680F53BD9D}.Debug|Any CPU.ActiveCfg = Debug|Any CPU
		{182B46D3-3B7C-84BD-4D90-29680F53BD9D}.Debug|Any CPU.Build.0 = Debug|Any CPU
		{182B46D3-3B7C-84BD-4D90-29680F53BD9D}.Release|Any CPU.ActiveCfg = Release|Any CPU
		{182B46D3-3B7C-84BD-4D90-29680F53BD9D}.Release|Any CPU.Build.0 = Release|Any CPU
		{FA711A74-ED88-9823-C951-938F006FB3D7}.Debug|Any CPU.ActiveCfg = Debug|Any CPU
		{FA711A74-ED88-9823-C951-938F006FB3D7}.Debug|Any CPU.Build.0 = Debug|Any CPU
		{FA711A74-ED88-9823-C951-938F006FB3D7}.Release|Any CPU.ActiveCfg = Release|Any CPU
		{FA711A74-ED88-9823-C951-938F006FB3D7}.Release|Any CPU.Build.0 = Release|Any CPU
		{C21AFF77-FB09-B5BC-7033-F889857D6527}.Debug|Any CPU.ActiveCfg = Debug|Any CPU
		{C21AFF77-FB09-B5BC-7033-F889857D6527}.Debug|Any CPU.Build.0 = Debug|Any CPU
		{C21AFF77-FB09-B5BC-7033-F889857D6527}.Release|Any CPU.ActiveCfg = Release|Any CPU
		{C21AFF77-FB09-B5BC-7033-F889857D6527}.Release|Any CPU.Build.0 = Release|Any CPU
		{C1AF23D9-14D1-A94B-A7D5-581909DB7E3F}.Debug|Any CPU.ActiveCfg = Debug|Any CPU
		{C1AF23D9-14D1-A94B-A7D5-581909DB7E3F}.Debug|Any CPU.Build.0 = Debug|Any CPU
		{C1AF23D9-14D1-A94B-A7D5-581909DB7E3F}.Release|Any CPU.ActiveCfg = Release|Any CPU
		{C1AF23D9-14D1-A94B-A7D5-581909DB7E3F}.Release|Any CPU.Build.0 = Release|Any CPU
	EndGlobalSection
	GlobalSection(SolutionProperties) = preSolution
		HideSolutionNode = FALSE
	EndGlobalSection
EndGlobal
